
Microsoft Visual Studio Solution File, Format Version 12.00
# Visual Studio 14
VisualStudioVersion = 14.0.24720.0
MinimumVisualStudioVersion = 10.0.40219.1
Project("{FAE04EC0-301F-11D3-BF4B-00C04F79EFBC}") = "NugetConverter", "NugetConverter\NugetConverter.csproj", "{A8320A1B-B391-417A-AEE9-96CD65977565}"
EndProject
Project("{FAE04EC0-301F-11D3-BF4B-00C04F79EFBC}") = "NugetConverterTest", "NugetConverterTest\NugetConverterTest.csproj", "{8C260040-5BC2-4D2E-B5DF-7029CDD7A3F7}"
EndProject
Project("{FAE04EC0-301F-11D3-BF4B-00C04F79EFBC}") = "NugetConverterService", "NugetConverterService\NugetConverterService.csproj", "{F665A156-4E46-4B04-B698-60E43101D14C}"
EndProject
Global
	GlobalSection(SolutionConfigurationPlatforms) = preSolution
		Debug|Any CPU = Debug|Any CPU
		Release|Any CPU = Release|Any CPU
	EndGlobalSection
	GlobalSection(ProjectConfigurationPlatforms) = postSolution
		{A8320A1B-B391-417A-AEE9-96CD65977565}.Debug|Any CPU.ActiveCfg = Debug|Any CPU
		{A8320A1B-B391-417A-AEE9-96CD65977565}.Debug|Any CPU.Build.0 = Debug|Any CPU
		{A8320A1B-B391-417A-AEE9-96CD65977565}.Release|Any CPU.ActiveCfg = Release|Any CPU
		{A8320A1B-B391-417A-AEE9-96CD65977565}.Release|Any CPU.Build.0 = Release|Any CPU
		{8C260040-5BC2-4D2E-B5DF-7029CDD7A3F7}.Debug|Any CPU.ActiveCfg = Debug|Any CPU
		{8C260040-5BC2-4D2E-B5DF-7029CDD7A3F7}.Debug|Any CPU.Build.0 = Debug|Any CPU
		{8C260040-5BC2-4D2E-B5DF-7029CDD7A3F7}.Release|Any CPU.ActiveCfg = Release|Any CPU
		{8C260040-5BC2-4D2E-B5DF-7029CDD7A3F7}.Release|Any CPU.Build.0 = Release|Any CPU
		{F665A156-4E46-4B04-B698-60E43101D14C}.Debug|Any CPU.ActiveCfg = Debug|Any CPU
		{F665A156-4E46-4B04-B698-60E43101D14C}.Debug|Any CPU.Build.0 = Debug|Any CPU
		{F665A156-4E46-4B04-B698-60E43101D14C}.Release|Any CPU.ActiveCfg = Release|Any CPU
		{F665A156-4E46-4B04-B698-60E43101D14C}.Release|Any CPU.Build.0 = Release|Any CPU
	EndGlobalSection
	GlobalSection(SolutionProperties) = preSolution
		HideSolutionNode = FALSE
	EndGlobalSection
EndGlobal
